
Microsoft Visual Studio Solution File, Format Version 12.00
# Visual Studio Version 17
VisualStudioVersion = 17.0.31903.59
MinimumVisualStudioVersion = 10.0.40219.1
Project("{2150E333-8FDC-42A3-9474-1A3956D46DE8}") = "src", "src", "{827E0CD3-B72D-47B6-A68D-7590B98EB39B}"
EndProject
Project("{FAE04EC0-301F-11D3-BF4B-00C04F79EFBC}") = "Velzon.Api", "src\Velzon.Api\Velzon.Api.csproj", "{60FBA462-F330-4896-AFBD-C757302B1499}"
EndProject
Project("{FAE04EC0-301F-11D3-BF4B-00C04F79EFBC}") = "Velzon.Core", "src\Velzon.Core\Velzon.Core.csproj", "{EFB988FB-AE4B-4026-A791-B915BB9CF943}"
EndProject
Project("{FAE04EC0-301F-11D3-BF4B-00C04F79EFBC}") = "Velzon.Application", "src\Velzon.Application\Velzon.Application.csproj", "{610E33EA-C785-4534-8F29-05BCBCDD9F71}"
EndProject
Project("{FAE04EC0-301F-11D3-BF4B-00C04F79EFBC}") = "Velzon.Identity", "src\Velzon.Identity\Velzon.Identity.csproj", "{6770880D-D243-483D-A386-ACE5E79850C8}"
EndProject
Project("{FAE04EC0-301F-11D3-BF4B-00C04F79EFBC}") = "Velzon.Infra", "src\Velzon.Infra\Velzon.Infra.csproj", "{BDD9D359-76D3-4B69-8D89-8032BC6164C1}"
EndProject
Project("{FAE04EC0-301F-11D3-BF4B-00C04F79EFBC}") = "Velzon.Shared", "src\Velzon.Shared\Velzon.Shared.csproj", "{0BEA0DFB-9574-477A-93EA-1EB28CAAA7BB}"
EndProject
Project("{2150E333-8FDC-42A3-9474-1A3956D46DE8}") = "tests", "tests", "{0AB3BF05-4346-4AA6-1389-037BE0695223}"
EndProject
Project("{FAE04EC0-301F-11D3-BF4B-00C04F79EFBC}") = "Velzon.Tests", "tests\Velzon.Tests\Velzon.Tests.csproj", "{4E976583-CA4C-47AB-B325-78328BF083E1}"
EndProject
Project("{FAE04EC0-301F-11D3-BF4B-00C04F79EFBC}") = "DapperExt", "src\DapperExt\DapperExt.csproj", "{9315264D-14DD-4421-B34A-907284B9120F}"
EndProject
Global
	GlobalSection(SolutionConfigurationPlatforms) = preSolution
		Debug|Any CPU = Debug|Any CPU
		Debug|x64 = Debug|x64
		Debug|x86 = Debug|x86
		Release|Any CPU = Release|Any CPU
		Release|x64 = Release|x64
		Release|x86 = Release|x86
	EndGlobalSection
	GlobalSection(ProjectConfigurationPlatforms) = postSolution
		{60FBA462-F330-4896-AFBD-C757302B1499}.Debug|Any CPU.ActiveCfg = Debug|Any CPU
		{60FBA462-F330-4896-AFBD-C757302B1499}.Debug|Any CPU.Build.0 = Debug|Any CPU
		{60FBA462-F330-4896-AFBD-C757302B1499}.Debug|x64.ActiveCfg = Debug|Any CPU
		{60FBA462-F330-4896-AFBD-C757302B1499}.Debug|x64.Build.0 = Debug|Any CPU
		{60FBA462-F330-4896-AFBD-C757302B1499}.Debug|x86.ActiveCfg = Debug|Any CPU
		{60FBA462-F330-4896-AFBD-C757302B1499}.Debug|x86.Build.0 = Debug|Any CPU
		{60FBA462-F330-4896-AFBD-C757302B1499}.Release|Any CPU.ActiveCfg = Release|Any CPU
		{60FBA462-F330-4896-AFBD-C757302B1499}.Release|Any CPU.Build.0 = Release|Any CPU
		{60FBA462-F330-4896-AFBD-C757302B1499}.Release|x64.ActiveCfg = Release|Any CPU
		{60FBA462-F330-4896-AFBD-C757302B1499}.Release|x64.Build.0 = Release|Any CPU
		{60FBA462-F330-4896-AFBD-C757302B1499}.Release|x86.ActiveCfg = Release|Any CPU
		{60FBA462-F330-4896-AFBD-C757302B1499}.Release|x86.Build.0 = Release|Any CPU
		{EFB988FB-AE4B-4026-A791-B915BB9CF943}.Debug|Any CPU.ActiveCfg = Debug|Any CPU
		{EFB988FB-AE4B-4026-A791-B915BB9CF943}.Debug|Any CPU.Build.0 = Debug|Any CPU
		{EFB988FB-AE4B-4026-A791-B915BB9CF943}.Debug|x64.ActiveCfg = Debug|Any CPU
		{EFB988FB-AE4B-4026-A791-B915BB9CF943}.Debug|x64.Build.0 = Debug|Any CPU
		{EFB988FB-AE4B-4026-A791-B915BB9CF943}.Debug|x86.ActiveCfg = Debug|Any CPU
		{EFB988FB-AE4B-4026-A791-B915BB9CF943}.Debug|x86.Build.0 = Debug|Any CPU
		{EFB988FB-AE4B-4026-A791-B915BB9CF943}.Release|Any CPU.ActiveCfg = Release|Any CPU
		{EFB988FB-AE4B-4026-A791-B915BB9CF943}.Release|Any CPU.Build.0 = Release|Any CPU
		{EFB988FB-AE4B-4026-A791-B915BB9CF943}.Release|x64.ActiveCfg = Release|Any CPU
		{EFB988FB-AE4B-4026-A791-B915BB9CF943}.Release|x64.Build.0 = Release|Any CPU
		{EFB988FB-AE4B-4026-A791-B915BB9CF943}.Release|x86.ActiveCfg = Release|Any CPU
		{EFB988FB-AE4B-4026-A791-B915BB9CF943}.Release|x86.Build.0 = Release|Any CPU
		{610E33EA-C785-4534-8F29-05BCBCDD9F71}.Debug|Any CPU.ActiveCfg = Debug|Any CPU
		{610E33EA-C785-4534-8F29-05BCBCDD9F71}.Debug|Any CPU.Build.0 = Debug|Any CPU
		{610E33EA-C785-4534-8F29-05BCBCDD9F71}.Debug|x64.ActiveCfg = Debug|Any CPU
		{610E33EA-C785-4534-8F29-05BCBCDD9F71}.Debug|x64.Build.0 = Debug|Any CPU
		{610E33EA-C785-4534-8F29-05BCBCDD9F71}.Debug|x86.ActiveCfg = Debug|Any CPU
		{610E33EA-C785-4534-8F29-05BCBCDD9F71}.Debug|x86.Build.0 = Debug|Any CPU
		{610E33EA-C785-4534-8F29-05BCBCDD9F71}.Release|Any CPU.ActiveCfg = Release|Any CPU
		{610E33EA-C785-4534-8F29-05BCBCDD9F71}.Release|Any CPU.Build.0 = Release|Any CPU
		{610E33EA-C785-4534-8F29-05BCBCDD9F71}.Release|x64.ActiveCfg = Release|Any CPU
		{610E33EA-C785-4534-8F29-05BCBCDD9F71}.Release|x64.Build.0 = Release|Any CPU
		{610E33EA-C785-4534-8F29-05BCBCDD9F71}.Release|x86.ActiveCfg = Release|Any CPU
		{610E33EA-C785-4534-8F29-05BCBCDD9F71}.Release|x86.Build.0 = Release|Any CPU
		{6770880D-D243-483D-A386-ACE5E79850C8}.Debug|Any CPU.ActiveCfg = Debug|Any CPU
		{6770880D-D243-483D-A386-ACE5E79850C8}.Debug|Any CPU.Build.0 = Debug|Any CPU
		{6770880D-D243-483D-A386-ACE5E79850C8}.Debug|x64.ActiveCfg = Debug|Any CPU
		{6770880D-D243-483D-A386-ACE5E79850C8}.Debug|x64.Build.0 = Debug|Any CPU
		{6770880D-D243-483D-A386-ACE5E79850C8}.Debug|x86.ActiveCfg = Debug|Any CPU
		{6770880D-D243-483D-A386-ACE5E79850C8}.Debug|x86.Build.0 = Debug|Any CPU
		{6770880D-D243-483D-A386-ACE5E79850C8}.Release|Any CPU.ActiveCfg = Release|Any CPU
		{6770880D-D243-483D-A386-ACE5E79850C8}.Release|Any CPU.Build.0 = Release|Any CPU
		{6770880D-D243-483D-A386-ACE5E79850C8}.Release|x64.ActiveCfg = Release|Any CPU
		{6770880D-D243-483D-A386-ACE5E79850C8}.Release|x64.Build.0 = Release|Any CPU
		{6770880D-D243-483D-A386-ACE5E79850C8}.Release|x86.ActiveCfg = Release|Any CPU
		{6770880D-D243-483D-A386-ACE5E79850C8}.Release|x86.Build.0 = Release|Any CPU
		{BDD9D359-76D3-4B69-8D89-8032BC6164C1}.Debug|Any CPU.ActiveCfg = Debug|Any CPU
		{BDD9D359-76D3-4B69-8D89-8032BC6164C1}.Debug|Any CPU.Build.0 = Debug|Any CPU
		{BDD9D359-76D3-4B69-8D89-8032BC6164C1}.Debug|x64.ActiveCfg = Debug|Any CPU
		{BDD9D359-76D3-4B69-8D89-8032BC6164C1}.Debug|x64.Build.0 = Debug|Any CPU
		{BDD9D359-76D3-4B69-8D89-8032BC6164C1}.Debug|x86.ActiveCfg = Debug|Any CPU
		{BDD9D359-76D3-4B69-8D89-8032BC6164C1}.Debug|x86.Build.0 = Debug|Any CPU
		{BDD9D359-76D3-4B69-8D89-8032BC6164C1}.Release|Any CPU.ActiveCfg = Release|Any CPU
		{BDD9D359-76D3-4B69-8D89-8032BC6164C1}.Release|Any CPU.Build.0 = Release|Any CPU
		{BDD9D359-76D3-4B69-8D89-8032BC6164C1}.Release|x64.ActiveCfg = Release|Any CPU
		{BDD9D359-76D3-4B69-8D89-8032BC6164C1}.Release|x64.Build.0 = Release|Any CPU
		{BDD9D359-76D3-4B69-8D89-8032BC6164C1}.Release|x86.ActiveCfg = Release|Any CPU
		{BDD9D359-76D3-4B69-8D89-8032BC6164C1}.Release|x86.Build.0 = Release|Any CPU
		{0BEA0DFB-9574-477A-93EA-1EB28CAAA7BB}.Debug|Any CPU.ActiveCfg = Debug|Any CPU
		{0BEA0DFB-9574-477A-93EA-1EB28CAAA7BB}.Debug|Any CPU.Build.0 = Debug|Any CPU
		{0BEA0DFB-9574-477A-93EA-1EB28CAAA7BB}.Debug|x64.ActiveCfg = Debug|Any CPU
		{0BEA0DFB-9574-477A-93EA-1EB28CAAA7BB}.Debug|x64.Build.0 = Debug|Any CPU
		{0BEA0DFB-9574-477A-93EA-1EB28CAAA7BB}.Debug|x86.ActiveCfg = Debug|Any CPU
		{0BEA0DFB-9574-477A-93EA-1EB28CAAA7BB}.Debug|x86.Build.0 = Debug|Any CPU
		{0BEA0DFB-9574-477A-93EA-1EB28CAAA7BB}.Release|Any CPU.ActiveCfg = Release|Any CPU
		{0BEA0DFB-9574-477A-93EA-1EB28CAAA7BB}.Release|Any CPU.Build.0 = Release|Any CPU
		{0BEA0DFB-9574-477A-93EA-1EB28CAAA7BB}.Release|x64.ActiveCfg = Release|Any CPU
		{0BEA0DFB-9574-477A-93EA-1EB28CAAA7BB}.Release|x64.Build.0 = Release|Any CPU
		{0BEA0DFB-9574-477A-93EA-1EB28CAAA7BB}.Release|x86.ActiveCfg = Release|Any CPU
		{0BEA0DFB-9574-477A-93EA-1EB28CAAA7BB}.Release|x86.Build.0 = Release|Any CPU
		{4E976583-CA4C-47AB-B325-78328BF083E1}.Debug|Any CPU.ActiveCfg = Debug|Any CPU
		{4E976583-CA4C-47AB-B325-78328BF083E1}.Debug|Any CPU.Build.0 = Debug|Any CPU
		{4E976583-CA4C-47AB-B325-78328BF083E1}.Debug|x64.ActiveCfg = Debug|Any CPU
		{4E976583-CA4C-47AB-B325-78328BF083E1}.Debug|x64.Build.0 = Debug|Any CPU
		{4E976583-CA4C-47AB-B325-78328BF083E1}.Debug|x86.ActiveCfg = Debug|Any CPU
		{4E976583-CA4C-47AB-B325-78328BF083E1}.Debug|x86.Build.0 = Debug|Any CPU
		{4E976583-CA4C-47AB-B325-78328BF083E1}.Release|Any CPU.ActiveCfg = Release|Any CPU
		{4E976583-CA4C-47AB-B325-78328BF083E1}.Release|Any CPU.Build.0 = Release|Any CPU
		{4E976583-CA4C-47AB-B325-78328BF083E1}.Release|x64.ActiveCfg = Release|Any CPU
		{4E976583-CA4C-47AB-B325-78328BF083E1}.Release|x64.Build.0 = Release|Any CPU
		{4E976583-CA4C-47AB-B325-78328BF083E1}.Release|x86.ActiveCfg = Release|Any CPU
		{4E976583-CA4C-47AB-B325-78328BF083E1}.Release|x86.Build.0 = Release|Any CPU
		{9315264D-14DD-4421-B34A-907284B9120F}.Debug|Any CPU.ActiveCfg = Debug|Any CPU
		{9315264D-14DD-4421-B34A-907284B9120F}.Debug|Any CPU.Build.0 = Debug|Any CPU
		{9315264D-14DD-4421-B34A-907284B9120F}.Debug|x64.ActiveCfg = Debug|Any CPU
		{9315264D-14DD-4421-B34A-907284B9120F}.Debug|x64.Build.0 = Debug|Any CPU
		{9315264D-14DD-4421-B34A-907284B9120F}.Debug|x86.ActiveCfg = Debug|x86
		{9315264D-14DD-4421-B34A-907284B9120F}.Debug|x86.Build.0 = Debug|x86
		{9315264D-14DD-4421-B34A-907284B9120F}.Release|Any CPU.ActiveCfg = Release|Any CPU
		{9315264D-14DD-4421-B34A-907284B9120F}.Release|Any CPU.Build.0 = Release|Any CPU
		{9315264D-14DD-4421-B34A-907284B9120F}.Release|x64.ActiveCfg = Release|Any CPU
		{9315264D-14DD-4421-B34A-907284B9120F}.Release|x64.Build.0 = Release|Any CPU
		{9315264D-14DD-4421-B34A-907284B9120F}.Release|x86.ActiveCfg = Release|x86
		{9315264D-14DD-4421-B34A-907284B9120F}.Release|x86.Build.0 = Release|x86
	EndGlobalSection
	GlobalSection(SolutionProperties) = preSolution
		HideSolutionNode = FALSE
	EndGlobalSection
	GlobalSection(NestedProjects) = preSolution
		{60FBA462-F330-4896-AFBD-C757302B1499} = {827E0CD3-B72D-47B6-A68D-7590B98EB39B}
		{EFB988FB-AE4B-4026-A791-B915BB9CF943} = {827E0CD3-B72D-47B6-A68D-7590B98EB39B}
		{610E33EA-C785-4534-8F29-05BCBCDD9F71} = {827E0CD3-B72D-47B6-A68D-7590B98EB39B}
		{6770880D-D243-483D-A386-ACE5E79850C8} = {827E0CD3-B72D-47B6-A68D-7590B98EB39B}
		{BDD9D359-76D3-4B69-8D89-8032BC6164C1} = {827E0CD3-B72D-47B6-A68D-7590B98EB39B}
		{0BEA0DFB-9574-477A-93EA-1EB28CAAA7BB} = {827E0CD3-B72D-47B6-A68D-7590B98EB39B}
		{4E976583-CA4C-47AB-B325-78328BF083E1} = {0AB3BF05-4346-4AA6-1389-037BE0695223}
		{9315264D-14DD-4421-B34A-907284B9120F} = {827E0CD3-B72D-47B6-A68D-7590B98EB39B}
	EndGlobalSection
EndGlobal
